
Microsoft Visual Studio Solution File, Format Version 12.00
# Visual Studio Version 17
VisualStudioVersion = 17.3.32929.385
MinimumVisualStudioVersion = 10.0.40219.1
Project("{FAE04EC0-301F-11D3-BF4B-00C04F79EFBC}") = "example with routing", "example with routing\example with routing.csproj", "{A89DC412-58BF-410D-B024-A9A92F231D7A}"
EndProject
Global
	GlobalSection(SolutionConfigurationPlatforms) = preSolution
		Debug|Any CPU = Debug|Any CPU
		Release|Any CPU = Release|Any CPU
	EndGlobalSection
	GlobalSection(ProjectConfigurationPlatforms) = postSolution
		{A89DC412-58BF-410D-B024-A9A92F231D7A}.Debug|Any CPU.ActiveCfg = Debug|Any CPU
		{A89DC412-58BF-410D-B024-A9A92F231D7A}.Debug|Any CPU.Build.0 = Debug|Any CPU
		{A89DC412-58BF-410D-B024-A9A92F231D7A}.Release|Any CPU.ActiveCfg = Release|Any CPU
		{A89DC412-58BF-410D-B024-A9A92F231D7A}.Release|Any CPU.Build.0 = Release|Any CPU
	EndGlobalSection
	GlobalSection(SolutionProperties) = preSolution
		HideSolutionNode = FALSE
	EndGlobalSection
	GlobalSection(ExtensibilityGlobals) = postSolution
		SolutionGuid = {BD291F4C-5648-49D0-9967-992AFC39F7E7}
	EndGlobalSection
EndGlobal
